
Microsoft Visual Studio Solution File, Format Version 12.00
# Visual Studio Version 16
VisualStudioVersion = 16.0.29709.97
MinimumVisualStudioVersion = 10.0.40219.1
Project("{FAE04EC0-301F-11D3-BF4B-00C04F79EFBC}") = "D2  P2", "D2  P2\D2  P2.csproj", "{84FAA381-20D3-4788-AB00-6A346F177CD5}"
EndProject
Global
	GlobalSection(SolutionConfigurationPlatforms) = preSolution
		Debug|Any CPU = Debug|Any CPU
		Release|Any CPU = Release|Any CPU
	EndGlobalSection
	GlobalSection(ProjectConfigurationPlatforms) = postSolution
		{84FAA381-20D3-4788-AB00-6A346F177CD5}.Debug|Any CPU.ActiveCfg = Debug|Any CPU
		{84FAA381-20D3-4788-AB00-6A346F177CD5}.Debug|Any CPU.Build.0 = Debug|Any CPU
		{84FAA381-20D3-4788-AB00-6A346F177CD5}.Release|Any CPU.ActiveCfg = Release|Any CPU
		{84FAA381-20D3-4788-AB00-6A346F177CD5}.Release|Any CPU.Build.0 = Release|Any CPU
	EndGlobalSection
	GlobalSection(SolutionProperties) = preSolution
		HideSolutionNode = FALSE
	EndGlobalSection
	GlobalSection(ExtensibilityGlobals) = postSolution
		SolutionGuid = {30330E68-7C80-41B5-8BF2-9F4CFC8948EB}
	EndGlobalSection
EndGlobal
